
Microsoft Visual Studio Solution File, Format Version 12.00
# Visual Studio Version 16
VisualStudioVersion = 16.0.30804.86
MinimumVisualStudioVersion = 10.0.40219.1
Project("{FAE04EC0-301F-11D3-BF4B-00C04F79EFBC}") = "WDPR_BuurtApp_3G", "WDPR_BuurtApp_3G\WDPR_BuurtApp_3G.csproj", "{CFD3A005-D348-461D-BD09-19D04D3C6088}"
EndProject
Global
	GlobalSection(SolutionConfigurationPlatforms) = preSolution
		Debug|Any CPU = Debug|Any CPU
		Release|Any CPU = Release|Any CPU
	EndGlobalSection
	GlobalSection(ProjectConfigurationPlatforms) = postSolution
		{CFD3A005-D348-461D-BD09-19D04D3C6088}.Debug|Any CPU.ActiveCfg = Debug|Any CPU
		{CFD3A005-D348-461D-BD09-19D04D3C6088}.Debug|Any CPU.Build.0 = Debug|Any CPU
		{CFD3A005-D348-461D-BD09-19D04D3C6088}.Release|Any CPU.ActiveCfg = Release|Any CPU
		{CFD3A005-D348-461D-BD09-19D04D3C6088}.Release|Any CPU.Build.0 = Release|Any CPU
	EndGlobalSection
	GlobalSection(SolutionProperties) = preSolution
		HideSolutionNode = FALSE
	EndGlobalSection
	GlobalSection(ExtensibilityGlobals) = postSolution
		SolutionGuid = {3936B833-21A6-46CF-A2C4-80C61A45B237}
	EndGlobalSection
EndGlobal
